
Microsoft Visual Studio Solution File, Format Version 12.00
# Visual Studio 15
VisualStudioVersion = 15.0.28010.2016
MinimumVisualStudioVersion = 10.0.40219.1
Project("{FAE04EC0-301F-11D3-BF4B-00C04F79EFBC}") = "Plano_ensino", "Plano_ensino\Plano_ensino.csproj", "{9E6440B7-FEB7-49EE-ADE1-1ED8447A715C}"
EndProject
Global
	GlobalSection(SolutionConfigurationPlatforms) = preSolution
		Debug|Any CPU = Debug|Any CPU
		Release|Any CPU = Release|Any CPU
	EndGlobalSection
	GlobalSection(ProjectConfigurationPlatforms) = postSolution
		{9E6440B7-FEB7-49EE-ADE1-1ED8447A715C}.Debug|Any CPU.ActiveCfg = Debug|Any CPU
		{9E6440B7-FEB7-49EE-ADE1-1ED8447A715C}.Debug|Any CPU.Build.0 = Debug|Any CPU
		{9E6440B7-FEB7-49EE-ADE1-1ED8447A715C}.Release|Any CPU.ActiveCfg = Release|Any CPU
		{9E6440B7-FEB7-49EE-ADE1-1ED8447A715C}.Release|Any CPU.Build.0 = Release|Any CPU
	EndGlobalSection
	GlobalSection(SolutionProperties) = preSolution
		HideSolutionNode = FALSE
	EndGlobalSection
	GlobalSection(ExtensibilityGlobals) = postSolution
		SolutionGuid = {5DAD20F4-F132-46BA-B784-965EFD002BC8}
	EndGlobalSection
EndGlobal
